
Microsoft Visual Studio Solution File, Format Version 12.00
# Visual Studio Version 17
VisualStudioVersion = 17.5.33424.131
MinimumVisualStudioVersion = 10.0.40219.1
Project("{FAE04EC0-301F-11D3-BF4B-00C04F79EFBC}") = "Gyakorlat_01", "Gyakorlat_01\Gyakorlat_01.csproj", "{953910E4-B9E4-4BF8-BCAB-8A740CBFD8B2}"
EndProject
Global
	GlobalSection(SolutionConfigurationPlatforms) = preSolution
		Debug|Any CPU = Debug|Any CPU
		Release|Any CPU = Release|Any CPU
	EndGlobalSection
	GlobalSection(ProjectConfigurationPlatforms) = postSolution
		{953910E4-B9E4-4BF8-BCAB-8A740CBFD8B2}.Debug|Any CPU.ActiveCfg = Debug|Any CPU
		{953910E4-B9E4-4BF8-BCAB-8A740CBFD8B2}.Debug|Any CPU.Build.0 = Debug|Any CPU
		{953910E4-B9E4-4BF8-BCAB-8A740CBFD8B2}.Release|Any CPU.ActiveCfg = Release|Any CPU
		{953910E4-B9E4-4BF8-BCAB-8A740CBFD8B2}.Release|Any CPU.Build.0 = Release|Any CPU
	EndGlobalSection
	GlobalSection(SolutionProperties) = preSolution
		HideSolutionNode = FALSE
	EndGlobalSection
	GlobalSection(ExtensibilityGlobals) = postSolution
		SolutionGuid = {0DEC734B-A07E-40B7-9E95-6A7D28AFD895}
	EndGlobalSection
EndGlobal
