
Microsoft Visual Studio Solution File, Format Version 12.00
# Visual Studio Version 17
VisualStudioVersion = 17.5.33424.131
MinimumVisualStudioVersion = 10.0.40219.1
Project("{FAE04EC0-301F-11D3-BF4B-00C04F79EFBC}") = "Gyakorlat_09_megoldas", "Gyakorlat_09_megoldas\Gyakorlat_09_megoldas.csproj", "{3CA1D615-1FA2-42CC-A198-86E01C01B78B}"
EndProject
Global
	GlobalSection(SolutionConfigurationPlatforms) = preSolution
		Debug|Any CPU = Debug|Any CPU
		Release|Any CPU = Release|Any CPU
	EndGlobalSection
	GlobalSection(ProjectConfigurationPlatforms) = postSolution
		{3CA1D615-1FA2-42CC-A198-86E01C01B78B}.Debug|Any CPU.ActiveCfg = Debug|Any CPU
		{3CA1D615-1FA2-42CC-A198-86E01C01B78B}.Debug|Any CPU.Build.0 = Debug|Any CPU
		{3CA1D615-1FA2-42CC-A198-86E01C01B78B}.Release|Any CPU.ActiveCfg = Release|Any CPU
		{3CA1D615-1FA2-42CC-A198-86E01C01B78B}.Release|Any CPU.Build.0 = Release|Any CPU
	EndGlobalSection
	GlobalSection(SolutionProperties) = preSolution
		HideSolutionNode = FALSE
	EndGlobalSection
	GlobalSection(ExtensibilityGlobals) = postSolution
		SolutionGuid = {05CBBB99-2560-47C9-A0D0-2BFCFE5B0C44}
	EndGlobalSection
EndGlobal
