
Microsoft Visual Studio Solution File, Format Version 12.00
# Visual Studio Version 17
VisualStudioVersion = 17.5.33424.131
MinimumVisualStudioVersion = 10.0.40219.1
Project("{FAE04EC0-301F-11D3-BF4B-00C04F79EFBC}") = "Gyakorlat_02", "Gyakorlat_02\Gyakorlat_02.csproj", "{9B969A91-8BD7-41D0-8C1C-64E8391028E2}"
EndProject
Global
	GlobalSection(SolutionConfigurationPlatforms) = preSolution
		Debug|Any CPU = Debug|Any CPU
		Release|Any CPU = Release|Any CPU
	EndGlobalSection
	GlobalSection(ProjectConfigurationPlatforms) = postSolution
		{9B969A91-8BD7-41D0-8C1C-64E8391028E2}.Debug|Any CPU.ActiveCfg = Debug|Any CPU
		{9B969A91-8BD7-41D0-8C1C-64E8391028E2}.Debug|Any CPU.Build.0 = Debug|Any CPU
		{9B969A91-8BD7-41D0-8C1C-64E8391028E2}.Release|Any CPU.ActiveCfg = Release|Any CPU
		{9B969A91-8BD7-41D0-8C1C-64E8391028E2}.Release|Any CPU.Build.0 = Release|Any CPU
	EndGlobalSection
	GlobalSection(SolutionProperties) = preSolution
		HideSolutionNode = FALSE
	EndGlobalSection
	GlobalSection(ExtensibilityGlobals) = postSolution
		SolutionGuid = {9C8908B2-B9E0-4388-A87D-40BBCFBDCA40}
	EndGlobalSection
EndGlobal
