
Microsoft Visual Studio Solution File, Format Version 12.00
# Visual Studio Version 17
VisualStudioVersion = 17.5.33424.131
MinimumVisualStudioVersion = 10.0.40219.1
Project("{FAE04EC0-301F-11D3-BF4B-00C04F79EFBC}") = "gyak_09", "gyak_09\gyak_09.csproj", "{ABC116E0-EF33-44F7-85B0-9136E0657F82}"
EndProject
Global
	GlobalSection(SolutionConfigurationPlatforms) = preSolution
		Debug|Any CPU = Debug|Any CPU
		Release|Any CPU = Release|Any CPU
	EndGlobalSection
	GlobalSection(ProjectConfigurationPlatforms) = postSolution
		{ABC116E0-EF33-44F7-85B0-9136E0657F82}.Debug|Any CPU.ActiveCfg = Debug|Any CPU
		{ABC116E0-EF33-44F7-85B0-9136E0657F82}.Debug|Any CPU.Build.0 = Debug|Any CPU
		{ABC116E0-EF33-44F7-85B0-9136E0657F82}.Release|Any CPU.ActiveCfg = Release|Any CPU
		{ABC116E0-EF33-44F7-85B0-9136E0657F82}.Release|Any CPU.Build.0 = Release|Any CPU
	EndGlobalSection
	GlobalSection(SolutionProperties) = preSolution
		HideSolutionNode = FALSE
	EndGlobalSection
	GlobalSection(ExtensibilityGlobals) = postSolution
		SolutionGuid = {A909A175-010B-461C-87CA-E2C9621BA632}
	EndGlobalSection
EndGlobal
