
Microsoft Visual Studio Solution File, Format Version 12.00
# Visual Studio Version 17
VisualStudioVersion = 17.5.33424.131
MinimumVisualStudioVersion = 10.0.40219.1
Project("{FAE04EC0-301F-11D3-BF4B-00C04F79EFBC}") = "Gyakorlat_08_megoldas", "Gyakorlat_08_megoldas\Gyakorlat_08_megoldas.csproj", "{5E13FE24-44C1-44B1-9F1E-FB327B0E3B8F}"
EndProject
Global
	GlobalSection(SolutionConfigurationPlatforms) = preSolution
		Debug|Any CPU = Debug|Any CPU
		Release|Any CPU = Release|Any CPU
	EndGlobalSection
	GlobalSection(ProjectConfigurationPlatforms) = postSolution
		{5E13FE24-44C1-44B1-9F1E-FB327B0E3B8F}.Debug|Any CPU.ActiveCfg = Debug|Any CPU
		{5E13FE24-44C1-44B1-9F1E-FB327B0E3B8F}.Debug|Any CPU.Build.0 = Debug|Any CPU
		{5E13FE24-44C1-44B1-9F1E-FB327B0E3B8F}.Release|Any CPU.ActiveCfg = Release|Any CPU
		{5E13FE24-44C1-44B1-9F1E-FB327B0E3B8F}.Release|Any CPU.Build.0 = Release|Any CPU
	EndGlobalSection
	GlobalSection(SolutionProperties) = preSolution
		HideSolutionNode = FALSE
	EndGlobalSection
	GlobalSection(ExtensibilityGlobals) = postSolution
		SolutionGuid = {527FF370-5F70-4189-8EA3-AB9BEF5B5058}
	EndGlobalSection
EndGlobal
